
Microsoft Visual Studio Solution File, Format Version 12.00
# Visual Studio 15
VisualStudioVersion = 15.0.28010.2026
MinimumVisualStudioVersion = 10.0.40219.1
Project("{8BC9CEB8-8B4A-11D0-8D11-00A0C91BC942}") = "DirectComputeRayTracing", "DirectComputeRayTracing.vcxproj", "{5376CBD2-3B00-46A2-AB27-CB4D9855CD3B}"
EndProject
Global
	GlobalSection(SolutionConfigurationPlatforms) = preSolution
		Debug|x64 = Debug|x64
		Debug|x86 = Debug|x86
		Release|x64 = Release|x64
		Release|x86 = Release|x86
	EndGlobalSection
	GlobalSection(ProjectConfigurationPlatforms) = postSolution
		{5376CBD2-3B00-46A2-AB27-CB4D9855CD3B}.Debug|x64.ActiveCfg = Debug|x64
		{5376CBD2-3B00-46A2-AB27-CB4D9855CD3B}.Debug|x64.Build.0 = Debug|x64
		{5376CBD2-3B00-46A2-AB27-CB4D9855CD3B}.Debug|x86.ActiveCfg = Debug|Win32
		{5376CBD2-3B00-46A2-AB27-CB4D9855CD3B}.Debug|x86.Build.0 = Debug|Win32
		{5376CBD2-3B00-46A2-AB27-CB4D9855CD3B}.Release|x64.ActiveCfg = Release|x64
		{5376CBD2-3B00-46A2-AB27-CB4D9855CD3B}.Release|x64.Build.0 = Release|x64
		{5376CBD2-3B00-46A2-AB27-CB4D9855CD3B}.Release|x86.ActiveCfg = Release|Win32
		{5376CBD2-3B00-46A2-AB27-CB4D9855CD3B}.Release|x86.Build.0 = Release|Win32
	EndGlobalSection
	GlobalSection(SolutionProperties) = preSolution
		HideSolutionNode = FALSE
	EndGlobalSection
	GlobalSection(ExtensibilityGlobals) = postSolution
		SolutionGuid = {65141F3F-93A6-4FD5-9BD0-589B5F868CD9}
	EndGlobalSection
EndGlobal
