
Microsoft Visual Studio Solution File, Format Version 12.00
# Visual Studio 15
VisualStudioVersion = 15.0.28010.2026
MinimumVisualStudioVersion = 10.0.40219.1
Project("{8BC9CEB8-8B4A-11D0-8D11-00A0C91BC942}") = "DirectComputeRayTracing", "DirectComputeRayTracing.vcxproj", "{5376CBD2-3B00-46A2-AB27-CB4D9855CD3B}"
	ProjectSection(ProjectDependencies) = postProject
		{1CF4EE1D-37BB-48D0-9F73-574901F8659F} = {1CF4EE1D-37BB-48D0-9F73-574901F8659F}
		{DBD94448-BB71-4CEE-A9D3-AB36E07EE0C6} = {DBD94448-BB71-4CEE-A9D3-AB36E07EE0C6}
	EndProjectSection
EndProject
Project("{8BC9CEB8-8B4A-11D0-8D11-00A0C91BC942}") = "MikkTSpace", "MikkTSpace\MikkTSpace.vcxproj", "{DBD94448-BB71-4CEE-A9D3-AB36E07EE0C6}"
EndProject
Project("{8BC9CEB8-8B4A-11D0-8D11-00A0C91BC942}") = "DDSTextureLoader12", "DDSTextureLoader12\DDSTextureLoader12.vcxproj", "{1CF4EE1D-37BB-48D0-9F73-574901F8659F}"
EndProject
Global
	GlobalSection(SolutionConfigurationPlatforms) = preSolution
		Debug|x64 = Debug|x64
		Release|x64 = Release|x64
	EndGlobalSection
	GlobalSection(ProjectConfigurationPlatforms) = postSolution
		{5376CBD2-3B00-46A2-AB27-CB4D9855CD3B}.Debug|x64.ActiveCfg = Debug|x64
		{5376CBD2-3B00-46A2-AB27-CB4D9855CD3B}.Debug|x64.Build.0 = Debug|x64
		{5376CBD2-3B00-46A2-AB27-CB4D9855CD3B}.Release|x64.ActiveCfg = Release|x64
		{5376CBD2-3B00-46A2-AB27-CB4D9855CD3B}.Release|x64.Build.0 = Release|x64
		{DBD94448-BB71-4CEE-A9D3-AB36E07EE0C6}.Debug|x64.ActiveCfg = Debug|x64
		{DBD94448-BB71-4CEE-A9D3-AB36E07EE0C6}.Debug|x64.Build.0 = Debug|x64
		{DBD94448-BB71-4CEE-A9D3-AB36E07EE0C6}.Release|x64.ActiveCfg = Release|x64
		{DBD94448-BB71-4CEE-A9D3-AB36E07EE0C6}.Release|x64.Build.0 = Release|x64
		{1CF4EE1D-37BB-48D0-9F73-574901F8659F}.Debug|x64.ActiveCfg = Debug|x64
		{1CF4EE1D-37BB-48D0-9F73-574901F8659F}.Debug|x64.Build.0 = Debug|x64
		{1CF4EE1D-37BB-48D0-9F73-574901F8659F}.Release|x64.ActiveCfg = Release|x64
		{1CF4EE1D-37BB-48D0-9F73-574901F8659F}.Release|x64.Build.0 = Release|x64
	EndGlobalSection
	GlobalSection(SolutionProperties) = preSolution
		HideSolutionNode = FALSE
	EndGlobalSection
	GlobalSection(ExtensibilityGlobals) = postSolution
		SolutionGuid = {65141F3F-93A6-4FD5-9BD0-589B5F868CD9}
	EndGlobalSection
EndGlobal
